// !$*UTF8*$!
{
	archiveVersion = 1;
	classes = {
	};
	objectVersion = 46;
	objects = {

/* Begin PBXAggregateTarget section */
		"Pizzabot::PizzabotPackageTests::ProductTarget" /* PizzabotPackageTests */ = {
			isa = PBXAggregateTarget;
			buildConfigurationList = OBJ_123 /* Build configuration list for PBXAggregateTarget "PizzabotPackageTests" */;
			buildPhases = (
			);
			dependencies = (
				OBJ_126 /* PBXTargetDependency */,
			);
			name = PizzabotPackageTests;
			productName = PizzabotPackageTests;
		};
		"Pizzabot::pizzabot::ProductTarget" /* pizzabot */ = {
			isa = PBXAggregateTarget;
			buildConfigurationList = OBJ_139 /* Build configuration list for PBXAggregateTarget "pizzabot" */;
			buildPhases = (
			);
			dependencies = (
				OBJ_142 /* PBXTargetDependency */,
			);
			name = pizzabot;
			productName = pizzabot;
		};
/* End PBXAggregateTarget section */

/* Begin PBXBuildFile section */
		146CC3A125F2ECC600BD5F2D /* Models.swift in Sources */ = {isa = PBXBuildFile; fileRef = 146CC3A025F2ECC600BD5F2D /* Models.swift */; };
		146CC3B125F2ED2B00BD5F2D /* PizzabotEngine.swift in Sources */ = {isa = PBXBuildFile; fileRef = 146CC3B025F2ED2B00BD5F2D /* PizzabotEngine.swift */; };
		OBJ_100 /* MessageInfo.swift in Sources */ = {isa = PBXBuildFile; fileRef = OBJ_53 /* MessageInfo.swift */; };
		OBJ_101 /* UsageGenerator.swift in Sources */ = {isa = PBXBuildFile; fileRef = OBJ_54 /* UsageGenerator.swift */; };
		OBJ_102 /* SequenceExtensions.swift in Sources */ = {isa = PBXBuildFile; fileRef = OBJ_56 /* SequenceExtensions.swift */; };
		OBJ_103 /* StringExtensions.swift in Sources */ = {isa = PBXBuildFile; fileRef = OBJ_57 /* StringExtensions.swift */; };
		OBJ_104 /* Tree.swift in Sources */ = {isa = PBXBuildFile; fileRef = OBJ_58 /* Tree.swift */; };
		OBJ_112 /* main.swift in Sources */ = {isa = PBXBuildFile; fileRef = OBJ_10 /* main.swift */; };
		OBJ_114 /* ArgumentParser.framework in Frameworks */ = {isa = PBXBuildFile; fileRef = "swift-argument-parser::ArgumentParser::Product" /* ArgumentParser.framework */; };
		OBJ_121 /* Package.swift in Sources */ = {isa = PBXBuildFile; fileRef = OBJ_6 /* Package.swift */; };
		OBJ_132 /* PizzabotTests.swift in Sources */ = {isa = PBXBuildFile; fileRef = OBJ_13 /* PizzabotTests.swift */; };
		OBJ_133 /* XCTestManifests.swift in Sources */ = {isa = PBXBuildFile; fileRef = OBJ_14 /* XCTestManifests.swift */; };
		OBJ_135 /* ArgumentParser.framework in Frameworks */ = {isa = PBXBuildFile; fileRef = "swift-argument-parser::ArgumentParser::Product" /* ArgumentParser.framework */; };
		OBJ_148 /* Package.swift in Sources */ = {isa = PBXBuildFile; fileRef = OBJ_59 /* Package.swift */; };
		OBJ_70 /* BashCompletionsGenerator.swift in Sources */ = {isa = PBXBuildFile; fileRef = OBJ_19 /* BashCompletionsGenerator.swift */; };
		OBJ_71 /* CompletionsGenerator.swift in Sources */ = {isa = PBXBuildFile; fileRef = OBJ_20 /* CompletionsGenerator.swift */; };
		OBJ_72 /* FishCompletionsGenerator.swift in Sources */ = {isa = PBXBuildFile; fileRef = OBJ_21 /* FishCompletionsGenerator.swift */; };
		OBJ_73 /* ZshCompletionsGenerator.swift in Sources */ = {isa = PBXBuildFile; fileRef = OBJ_22 /* ZshCompletionsGenerator.swift */; };
		OBJ_74 /* Argument.swift in Sources */ = {isa = PBXBuildFile; fileRef = OBJ_24 /* Argument.swift */; };
		OBJ_75 /* ArgumentHelp.swift in Sources */ = {isa = PBXBuildFile; fileRef = OBJ_25 /* ArgumentHelp.swift */; };
		OBJ_76 /* CompletionKind.swift in Sources */ = {isa = PBXBuildFile; fileRef = OBJ_26 /* CompletionKind.swift */; };
		OBJ_77 /* Errors.swift in Sources */ = {isa = PBXBuildFile; fileRef = OBJ_27 /* Errors.swift */; };
		OBJ_78 /* Flag.swift in Sources */ = {isa = PBXBuildFile; fileRef = OBJ_28 /* Flag.swift */; };
		OBJ_79 /* NameSpecification.swift in Sources */ = {isa = PBXBuildFile; fileRef = OBJ_29 /* NameSpecification.swift */; };
		OBJ_80 /* Option.swift in Sources */ = {isa = PBXBuildFile; fileRef = OBJ_30 /* Option.swift */; };
		OBJ_81 /* OptionGroup.swift in Sources */ = {isa = PBXBuildFile; fileRef = OBJ_31 /* OptionGroup.swift */; };
		OBJ_82 /* CommandConfiguration.swift in Sources */ = {isa = PBXBuildFile; fileRef = OBJ_33 /* CommandConfiguration.swift */; };
		OBJ_83 /* EnumerableFlag.swift in Sources */ = {isa = PBXBuildFile; fileRef = OBJ_34 /* EnumerableFlag.swift */; };
		OBJ_84 /* ExpressibleByArgument.swift in Sources */ = {isa = PBXBuildFile; fileRef = OBJ_35 /* ExpressibleByArgument.swift */; };
		OBJ_85 /* ParsableArguments.swift in Sources */ = {isa = PBXBuildFile; fileRef = OBJ_36 /* ParsableArguments.swift */; };
		OBJ_86 /* ParsableArgumentsValidation.swift in Sources */ = {isa = PBXBuildFile; fileRef = OBJ_37 /* ParsableArgumentsValidation.swift */; };
		OBJ_87 /* ParsableCommand.swift in Sources */ = {isa = PBXBuildFile; fileRef = OBJ_38 /* ParsableCommand.swift */; };
		OBJ_88 /* ArgumentDecoder.swift in Sources */ = {isa = PBXBuildFile; fileRef = OBJ_40 /* ArgumentDecoder.swift */; };
		OBJ_89 /* ArgumentDefinition.swift in Sources */ = {isa = PBXBuildFile; fileRef = OBJ_41 /* ArgumentDefinition.swift */; };
		OBJ_90 /* ArgumentSet.swift in Sources */ = {isa = PBXBuildFile; fileRef = OBJ_42 /* ArgumentSet.swift */; };
		OBJ_91 /* CommandParser.swift in Sources */ = {isa = PBXBuildFile; fileRef = OBJ_43 /* CommandParser.swift */; };
		OBJ_92 /* InputOrigin.swift in Sources */ = {isa = PBXBuildFile; fileRef = OBJ_44 /* InputOrigin.swift */; };
		OBJ_93 /* Name.swift in Sources */ = {isa = PBXBuildFile; fileRef = OBJ_45 /* Name.swift */; };
		OBJ_94 /* Parsed.swift in Sources */ = {isa = PBXBuildFile; fileRef = OBJ_46 /* Parsed.swift */; };
		OBJ_95 /* ParsedValues.swift in Sources */ = {isa = PBXBuildFile; fileRef = OBJ_47 /* ParsedValues.swift */; };
		OBJ_96 /* ParserError.swift in Sources */ = {isa = PBXBuildFile; fileRef = OBJ_48 /* ParserError.swift */; };
		OBJ_97 /* SplitArguments.swift in Sources */ = {isa = PBXBuildFile; fileRef = OBJ_49 /* SplitArguments.swift */; };
		OBJ_98 /* HelpCommand.swift in Sources */ = {isa = PBXBuildFile; fileRef = OBJ_51 /* HelpCommand.swift */; };
		OBJ_99 /* HelpGenerator.swift in Sources */ = {isa = PBXBuildFile; fileRef = OBJ_52 /* HelpGenerator.swift */; };
/* End PBXBuildFile section */

/* Begin PBXContainerItemProxy section */
		146CC39425F2E85400BD5F2D /* PBXContainerItemProxy */ = {
			isa = PBXContainerItemProxy;
			containerPortal = OBJ_1 /* Project object */;
			proxyType = 1;
			remoteGlobalIDString = "swift-argument-parser::ArgumentParser";
			remoteInfo = ArgumentParser;
		};
		146CC39525F2E85400BD5F2D /* PBXContainerItemProxy */ = {
			isa = PBXContainerItemProxy;
			containerPortal = OBJ_1 /* Project object */;
			proxyType = 1;
			remoteGlobalIDString = "Pizzabot::Pizzabot";
			remoteInfo = Pizzabot;
		};
		146CC39625F2E85400BD5F2D /* PBXContainerItemProxy */ = {
			isa = PBXContainerItemProxy;
			containerPortal = OBJ_1 /* Project object */;
			proxyType = 1;
			remoteGlobalIDString = "swift-argument-parser::ArgumentParser";
			remoteInfo = ArgumentParser;
		};
		146CC39A25F2E85500BD5F2D /* PBXContainerItemProxy */ = {
			isa = PBXContainerItemProxy;
			containerPortal = OBJ_1 /* Project object */;
			proxyType = 1;
			remoteGlobalIDString = "Pizzabot::PizzabotTests";
			remoteInfo = PizzabotTests;
		};
		146CC39D25F2E85500BD5F2D /* PBXContainerItemProxy */ = {
			isa = PBXContainerItemProxy;
			containerPortal = OBJ_1 /* Project object */;
			proxyType = 1;
			remoteGlobalIDString = "Pizzabot::Pizzabot";
			remoteInfo = Pizzabot;
		};
/* End PBXContainerItemProxy section */

/* Begin PBXFileReference section */
		146CC3A025F2ECC600BD5F2D /* Models.swift */ = {isa = PBXFileReference; lastKnownFileType = sourcecode.swift; path = Models.swift; sourceTree = "<group>"; };
		146CC3B025F2ED2B00BD5F2D /* PizzabotEngine.swift */ = {isa = PBXFileReference; lastKnownFileType = sourcecode.swift; path = PizzabotEngine.swift; sourceTree = "<group>"; };
		OBJ_10 /* main.swift */ = {isa = PBXFileReference; lastKnownFileType = sourcecode.swift; path = main.swift; sourceTree = "<group>"; };
		OBJ_13 /* PizzabotTests.swift */ = {isa = PBXFileReference; lastKnownFileType = sourcecode.swift; path = PizzabotTests.swift; sourceTree = "<group>"; };
		OBJ_14 /* XCTestManifests.swift */ = {isa = PBXFileReference; lastKnownFileType = sourcecode.swift; path = XCTestManifests.swift; sourceTree = "<group>"; };
		OBJ_19 /* BashCompletionsGenerator.swift */ = {isa = PBXFileReference; lastKnownFileType = sourcecode.swift; path = BashCompletionsGenerator.swift; sourceTree = "<group>"; };
		OBJ_20 /* CompletionsGenerator.swift */ = {isa = PBXFileReference; lastKnownFileType = sourcecode.swift; path = CompletionsGenerator.swift; sourceTree = "<group>"; };
		OBJ_21 /* FishCompletionsGenerator.swift */ = {isa = PBXFileReference; lastKnownFileType = sourcecode.swift; path = FishCompletionsGenerator.swift; sourceTree = "<group>"; };
		OBJ_22 /* ZshCompletionsGenerator.swift */ = {isa = PBXFileReference; lastKnownFileType = sourcecode.swift; path = ZshCompletionsGenerator.swift; sourceTree = "<group>"; };
		OBJ_24 /* Argument.swift */ = {isa = PBXFileReference; lastKnownFileType = sourcecode.swift; path = Argument.swift; sourceTree = "<group>"; };
		OBJ_25 /* ArgumentHelp.swift */ = {isa = PBXFileReference; lastKnownFileType = sourcecode.swift; path = ArgumentHelp.swift; sourceTree = "<group>"; };
		OBJ_26 /* CompletionKind.swift */ = {isa = PBXFileReference; lastKnownFileType = sourcecode.swift; path = CompletionKind.swift; sourceTree = "<group>"; };
		OBJ_27 /* Errors.swift */ = {isa = PBXFileReference; lastKnownFileType = sourcecode.swift; path = Errors.swift; sourceTree = "<group>"; };
		OBJ_28 /* Flag.swift */ = {isa = PBXFileReference; lastKnownFileType = sourcecode.swift; path = Flag.swift; sourceTree = "<group>"; };
		OBJ_29 /* NameSpecification.swift */ = {isa = PBXFileReference; lastKnownFileType = sourcecode.swift; path = NameSpecification.swift; sourceTree = "<group>"; };
		OBJ_30 /* Option.swift */ = {isa = PBXFileReference; lastKnownFileType = sourcecode.swift; path = Option.swift; sourceTree = "<group>"; };
		OBJ_31 /* OptionGroup.swift */ = {isa = PBXFileReference; lastKnownFileType = sourcecode.swift; path = OptionGroup.swift; sourceTree = "<group>"; };
		OBJ_33 /* CommandConfiguration.swift */ = {isa = PBXFileReference; lastKnownFileType = sourcecode.swift; path = CommandConfiguration.swift; sourceTree = "<group>"; };
		OBJ_34 /* EnumerableFlag.swift */ = {isa = PBXFileReference; lastKnownFileType = sourcecode.swift; path = EnumerableFlag.swift; sourceTree = "<group>"; };
		OBJ_35 /* ExpressibleByArgument.swift */ = {isa = PBXFileReference; lastKnownFileType = sourcecode.swift; path = ExpressibleByArgument.swift; sourceTree = "<group>"; };
		OBJ_36 /* ParsableArguments.swift */ = {isa = PBXFileReference; lastKnownFileType = sourcecode.swift; path = ParsableArguments.swift; sourceTree = "<group>"; };
		OBJ_37 /* ParsableArgumentsValidation.swift */ = {isa = PBXFileReference; lastKnownFileType = sourcecode.swift; path = ParsableArgumentsValidation.swift; sourceTree = "<group>"; };
		OBJ_38 /* ParsableCommand.swift */ = {isa = PBXFileReference; lastKnownFileType = sourcecode.swift; path = ParsableCommand.swift; sourceTree = "<group>"; };
		OBJ_40 /* ArgumentDecoder.swift */ = {isa = PBXFileReference; lastKnownFileType = sourcecode.swift; path = ArgumentDecoder.swift; sourceTree = "<group>"; };
		OBJ_41 /* ArgumentDefinition.swift */ = {isa = PBXFileReference; lastKnownFileType = sourcecode.swift; path = ArgumentDefinition.swift; sourceTree = "<group>"; };
		OBJ_42 /* ArgumentSet.swift */ = {isa = PBXFileReference; lastKnownFileType = sourcecode.swift; path = ArgumentSet.swift; sourceTree = "<group>"; };
		OBJ_43 /* CommandParser.swift */ = {isa = PBXFileReference; lastKnownFileType = sourcecode.swift; path = CommandParser.swift; sourceTree = "<group>"; };
		OBJ_44 /* InputOrigin.swift */ = {isa = PBXFileReference; lastKnownFileType = sourcecode.swift; path = InputOrigin.swift; sourceTree = "<group>"; };
		OBJ_45 /* Name.swift */ = {isa = PBXFileReference; lastKnownFileType = sourcecode.swift; path = Name.swift; sourceTree = "<group>"; };
		OBJ_46 /* Parsed.swift */ = {isa = PBXFileReference; lastKnownFileType = sourcecode.swift; path = Parsed.swift; sourceTree = "<group>"; };
		OBJ_47 /* ParsedValues.swift */ = {isa = PBXFileReference; lastKnownFileType = sourcecode.swift; path = ParsedValues.swift; sourceTree = "<group>"; };
		OBJ_48 /* ParserError.swift */ = {isa = PBXFileReference; lastKnownFileType = sourcecode.swift; path = ParserError.swift; sourceTree = "<group>"; };
		OBJ_49 /* SplitArguments.swift */ = {isa = PBXFileReference; lastKnownFileType = sourcecode.swift; path = SplitArguments.swift; sourceTree = "<group>"; };
		OBJ_51 /* HelpCommand.swift */ = {isa = PBXFileReference; lastKnownFileType = sourcecode.swift; path = HelpCommand.swift; sourceTree = "<group>"; };
		OBJ_52 /* HelpGenerator.swift */ = {isa = PBXFileReference; lastKnownFileType = sourcecode.swift; path = HelpGenerator.swift; sourceTree = "<group>"; };
		OBJ_53 /* MessageInfo.swift */ = {isa = PBXFileReference; lastKnownFileType = sourcecode.swift; path = MessageInfo.swift; sourceTree = "<group>"; };
		OBJ_54 /* UsageGenerator.swift */ = {isa = PBXFileReference; lastKnownFileType = sourcecode.swift; path = UsageGenerator.swift; sourceTree = "<group>"; };
		OBJ_56 /* SequenceExtensions.swift */ = {isa = PBXFileReference; lastKnownFileType = sourcecode.swift; path = SequenceExtensions.swift; sourceTree = "<group>"; };
		OBJ_57 /* StringExtensions.swift */ = {isa = PBXFileReference; lastKnownFileType = sourcecode.swift; path = StringExtensions.swift; sourceTree = "<group>"; };
		OBJ_58 /* Tree.swift */ = {isa = PBXFileReference; lastKnownFileType = sourcecode.swift; path = Tree.swift; sourceTree = "<group>"; };
		OBJ_59 /* Package.swift */ = {isa = PBXFileReference; explicitFileType = sourcecode.swift; name = Package.swift; path = "/Users/spencerdiniz/Downloads/Pizzabot/.build/checkouts/swift-argument-parser/Package.swift"; sourceTree = "<group>"; };
		OBJ_6 /* Package.swift */ = {isa = PBXFileReference; explicitFileType = sourcecode.swift; path = Package.swift; sourceTree = "<group>"; };
		OBJ_64 /* README.md */ = {isa = PBXFileReference; lastKnownFileType = net.daringfireball.markdown; path = README.md; sourceTree = "<group>"; };
		"Pizzabot::Pizzabot::Product" /* Pizzabot */ = {isa = PBXFileReference; lastKnownFileType = text; path = Pizzabot; sourceTree = BUILT_PRODUCTS_DIR; };
		"Pizzabot::PizzabotTests::Product" /* PizzabotTests.xctest */ = {isa = PBXFileReference; lastKnownFileType = file; path = PizzabotTests.xctest; sourceTree = BUILT_PRODUCTS_DIR; };
		"swift-argument-parser::ArgumentParser::Product" /* ArgumentParser.framework */ = {isa = PBXFileReference; lastKnownFileType = wrapper.framework; path = ArgumentParser.framework; sourceTree = BUILT_PRODUCTS_DIR; };
/* End PBXFileReference section */

/* Begin PBXFrameworksBuildPhase section */
		OBJ_105 /* Frameworks */ = {
			isa = PBXFrameworksBuildPhase;
			buildActionMask = 0;
			files = (
			);
			runOnlyForDeploymentPostprocessing = 0;
		};
		OBJ_113 /* Frameworks */ = {
			isa = PBXFrameworksBuildPhase;
			buildActionMask = 0;
			files = (
				OBJ_114 /* ArgumentParser.framework in Frameworks */,
			);
			runOnlyForDeploymentPostprocessing = 0;
		};
		OBJ_134 /* Frameworks */ = {
			isa = PBXFrameworksBuildPhase;
			buildActionMask = 0;
			files = (
				OBJ_135 /* ArgumentParser.framework in Frameworks */,
			);
			runOnlyForDeploymentPostprocessing = 0;
		};
/* End PBXFrameworksBuildPhase section */

/* Begin PBXGroup section */
		OBJ_11 /* Tests */ = {
			isa = PBXGroup;
			children = (
				OBJ_12 /* PizzabotTests */,
			);
			name = Tests;
			sourceTree = SOURCE_ROOT;
		};
		OBJ_12 /* PizzabotTests */ = {
			isa = PBXGroup;
			children = (
				OBJ_13 /* PizzabotTests.swift */,
				OBJ_14 /* XCTestManifests.swift */,
			);
			name = PizzabotTests;
			path = Tests/PizzabotTests;
			sourceTree = SOURCE_ROOT;
		};
		OBJ_15 /* Dependencies */ = {
			isa = PBXGroup;
			children = (
				OBJ_16 /* swift-argument-parser 0.4.0 */,
			);
			name = Dependencies;
			sourceTree = "<group>";
		};
		OBJ_16 /* swift-argument-parser 0.4.0 */ = {
			isa = PBXGroup;
			children = (
				OBJ_17 /* ArgumentParser */,
				OBJ_59 /* Package.swift */,
			);
			name = "swift-argument-parser 0.4.0";
			sourceTree = SOURCE_ROOT;
		};
		OBJ_17 /* ArgumentParser */ = {
			isa = PBXGroup;
			children = (
				OBJ_18 /* Completions */,
				OBJ_23 /* Parsable Properties */,
				OBJ_32 /* Parsable Types */,
				OBJ_39 /* Parsing */,
				OBJ_50 /* Usage */,
				OBJ_55 /* Utilities */,
			);
			name = ArgumentParser;
			path = ".build/checkouts/swift-argument-parser/Sources/ArgumentParser";
			sourceTree = SOURCE_ROOT;
		};
		OBJ_18 /* Completions */ = {
			isa = PBXGroup;
			children = (
				OBJ_19 /* BashCompletionsGenerator.swift */,
				OBJ_20 /* CompletionsGenerator.swift */,
				OBJ_21 /* FishCompletionsGenerator.swift */,
				OBJ_22 /* ZshCompletionsGenerator.swift */,
			);
			path = Completions;
			sourceTree = "<group>";
		};
		OBJ_23 /* Parsable Properties */ = {
			isa = PBXGroup;
			children = (
				OBJ_24 /* Argument.swift */,
				OBJ_25 /* ArgumentHelp.swift */,
				OBJ_26 /* CompletionKind.swift */,
				OBJ_27 /* Errors.swift */,
				OBJ_28 /* Flag.swift */,
				OBJ_29 /* NameSpecification.swift */,
				OBJ_30 /* Option.swift */,
				OBJ_31 /* OptionGroup.swift */,
			);
			path = "Parsable Properties";
			sourceTree = "<group>";
		};
		OBJ_32 /* Parsable Types */ = {
			isa = PBXGroup;
			children = (
				OBJ_33 /* CommandConfiguration.swift */,
				OBJ_34 /* EnumerableFlag.swift */,
				OBJ_35 /* ExpressibleByArgument.swift */,
				OBJ_36 /* ParsableArguments.swift */,
				OBJ_37 /* ParsableArgumentsValidation.swift */,
				OBJ_38 /* ParsableCommand.swift */,
			);
			path = "Parsable Types";
			sourceTree = "<group>";
		};
		OBJ_39 /* Parsing */ = {
			isa = PBXGroup;
			children = (
				OBJ_40 /* ArgumentDecoder.swift */,
				OBJ_41 /* ArgumentDefinition.swift */,
				OBJ_42 /* ArgumentSet.swift */,
				OBJ_43 /* CommandParser.swift */,
				OBJ_44 /* InputOrigin.swift */,
				OBJ_45 /* Name.swift */,
				OBJ_46 /* Parsed.swift */,
				OBJ_47 /* ParsedValues.swift */,
				OBJ_48 /* ParserError.swift */,
				OBJ_49 /* SplitArguments.swift */,
			);
			path = Parsing;
			sourceTree = "<group>";
		};
		OBJ_5 /*  */ = {
			isa = PBXGroup;
			children = (
				OBJ_6 /* Package.swift */,
				OBJ_7 /* Sources */,
				OBJ_11 /* Tests */,
				OBJ_15 /* Dependencies */,
				OBJ_60 /* Products */,
				OBJ_64 /* README.md */,
			);
			name = "";
			sourceTree = "<group>";
		};
		OBJ_50 /* Usage */ = {
			isa = PBXGroup;
			children = (
				OBJ_51 /* HelpCommand.swift */,
				OBJ_52 /* HelpGenerator.swift */,
				OBJ_53 /* MessageInfo.swift */,
				OBJ_54 /* UsageGenerator.swift */,
			);
			path = Usage;
			sourceTree = "<group>";
		};
		OBJ_55 /* Utilities */ = {
			isa = PBXGroup;
			children = (
				OBJ_56 /* SequenceExtensions.swift */,
				OBJ_57 /* StringExtensions.swift */,
				OBJ_58 /* Tree.swift */,
			);
			path = Utilities;
			sourceTree = "<group>";
		};
		OBJ_60 /* Products */ = {
			isa = PBXGroup;
			children = (
				"swift-argument-parser::ArgumentParser::Product" /* ArgumentParser.framework */,
				"Pizzabot::Pizzabot::Product" /* Pizzabot */,
				"Pizzabot::PizzabotTests::Product" /* PizzabotTests.xctest */,
			);
			name = Products;
			sourceTree = BUILT_PRODUCTS_DIR;
		};
		OBJ_7 /* Sources */ = {
			isa = PBXGroup;
			children = (
				OBJ_8 /* Pizzabot */,
			);
			name = Sources;
			sourceTree = SOURCE_ROOT;
		};
		OBJ_8 /* Pizzabot */ = {
			isa = PBXGroup;
			children = (
				OBJ_10 /* main.swift */,
				146CC3B025F2ED2B00BD5F2D /* PizzabotEngine.swift */,
				146CC3A025F2ECC600BD5F2D /* Models.swift */,
			);
			name = Pizzabot;
			path = Sources/Pizzabot;
			sourceTree = SOURCE_ROOT;
		};
/* End PBXGroup section */

/* Begin PBXNativeTarget section */
		"Pizzabot::Pizzabot" /* Pizzabot */ = {
			isa = PBXNativeTarget;
			buildConfigurationList = OBJ_107 /* Build configuration list for PBXNativeTarget "Pizzabot" */;
			buildPhases = (
				OBJ_110 /* Sources */,
				OBJ_113 /* Frameworks */,
			);
			buildRules = (
			);
			dependencies = (
				OBJ_115 /* PBXTargetDependency */,
			);
			name = Pizzabot;
			productName = Pizzabot;
			productReference = "Pizzabot::Pizzabot::Product" /* Pizzabot */;
			productType = "com.apple.product-type.tool";
		};
		"Pizzabot::PizzabotTests" /* PizzabotTests */ = {
			isa = PBXNativeTarget;
			buildConfigurationList = OBJ_128 /* Build configuration list for PBXNativeTarget "PizzabotTests" */;
			buildPhases = (
				OBJ_131 /* Sources */,
				OBJ_134 /* Frameworks */,
			);
			buildRules = (
			);
			dependencies = (
				OBJ_136 /* PBXTargetDependency */,
				OBJ_137 /* PBXTargetDependency */,
			);
			name = PizzabotTests;
			productName = PizzabotTests;
			productReference = "Pizzabot::PizzabotTests::Product" /* PizzabotTests.xctest */;
			productType = "com.apple.product-type.bundle.unit-test";
		};
		"Pizzabot::SwiftPMPackageDescription" /* PizzabotPackageDescription */ = {
			isa = PBXNativeTarget;
			buildConfigurationList = OBJ_117 /* Build configuration list for PBXNativeTarget "PizzabotPackageDescription" */;
			buildPhases = (
				OBJ_120 /* Sources */,
			);
			buildRules = (
			);
			dependencies = (
			);
			name = PizzabotPackageDescription;
			productName = PizzabotPackageDescription;
			productType = "com.apple.product-type.framework";
		};
		"swift-argument-parser::ArgumentParser" /* ArgumentParser */ = {
			isa = PBXNativeTarget;
			buildConfigurationList = OBJ_66 /* Build configuration list for PBXNativeTarget "ArgumentParser" */;
			buildPhases = (
				OBJ_69 /* Sources */,
				OBJ_105 /* Frameworks */,
			);
			buildRules = (
			);
			dependencies = (
			);
			name = ArgumentParser;
			productName = ArgumentParser;
			productReference = "swift-argument-parser::ArgumentParser::Product" /* ArgumentParser.framework */;
			productType = "com.apple.product-type.framework";
		};
		"swift-argument-parser::SwiftPMPackageDescription" /* swift-argument-parserPackageDescription */ = {
			isa = PBXNativeTarget;
			buildConfigurationList = OBJ_144 /* Build configuration list for PBXNativeTarget "swift-argument-parserPackageDescription" */;
			buildPhases = (
				OBJ_147 /* Sources */,
			);
			buildRules = (
			);
			dependencies = (
			);
			name = "swift-argument-parserPackageDescription";
			productName = "swift-argument-parserPackageDescription";
			productType = "com.apple.product-type.framework";
		};
/* End PBXNativeTarget section */

/* Begin PBXProject section */
		OBJ_1 /* Project object */ = {
			isa = PBXProject;
			attributes = {
				LastSwiftMigration = 9999;
				LastUpgradeCheck = 9999;
			};
			buildConfigurationList = OBJ_2 /* Build configuration list for PBXProject "Pizzabot" */;
			compatibilityVersion = "Xcode 3.2";
			developmentRegion = en;
			hasScannedForEncodings = 0;
			knownRegions = (
				en,
			);
			mainGroup = OBJ_5 /*  */;
			productRefGroup = OBJ_60 /* Products */;
			projectDirPath = "";
			projectRoot = "";
			targets = (
				"swift-argument-parser::ArgumentParser" /* ArgumentParser */,
				"Pizzabot::Pizzabot" /* Pizzabot */,
				"Pizzabot::SwiftPMPackageDescription" /* PizzabotPackageDescription */,
				"Pizzabot::PizzabotPackageTests::ProductTarget" /* PizzabotPackageTests */,
				"Pizzabot::PizzabotTests" /* PizzabotTests */,
				"Pizzabot::pizzabot::ProductTarget" /* pizzabot */,
				"swift-argument-parser::SwiftPMPackageDescription" /* swift-argument-parserPackageDescription */,
			);
		};
/* End PBXProject section */

/* Begin PBXSourcesBuildPhase section */
		OBJ_110 /* Sources */ = {
			isa = PBXSourcesBuildPhase;
			buildActionMask = 0;
			files = (
				OBJ_112 /* main.swift in Sources */,
				146CC3B125F2ED2B00BD5F2D /* PizzabotEngine.swift in Sources */,
				146CC3A125F2ECC600BD5F2D /* Models.swift in Sources */,
			);
			runOnlyForDeploymentPostprocessing = 0;
		};
		OBJ_120 /* Sources */ = {
			isa = PBXSourcesBuildPhase;
			buildActionMask = 0;
			files = (
				OBJ_121 /* Package.swift in Sources */,
			);
			runOnlyForDeploymentPostprocessing = 0;
		};
		OBJ_131 /* Sources */ = {
			isa = PBXSourcesBuildPhase;
			buildActionMask = 0;
			files = (
				OBJ_132 /* PizzabotTests.swift in Sources */,
				OBJ_133 /* XCTestManifests.swift in Sources */,
			);
			runOnlyForDeploymentPostprocessing = 0;
		};
		OBJ_147 /* Sources */ = {
			isa = PBXSourcesBuildPhase;
			buildActionMask = 0;
			files = (
				OBJ_148 /* Package.swift in Sources */,
			);
			runOnlyForDeploymentPostprocessing = 0;
		};
		OBJ_69 /* Sources */ = {
			isa = PBXSourcesBuildPhase;
			buildActionMask = 0;
			files = (
				OBJ_70 /* BashCompletionsGenerator.swift in Sources */,
				OBJ_71 /* CompletionsGenerator.swift in Sources */,
				OBJ_72 /* FishCompletionsGenerator.swift in Sources */,
				OBJ_73 /* ZshCompletionsGenerator.swift in Sources */,
				OBJ_74 /* Argument.swift in Sources */,
				OBJ_75 /* ArgumentHelp.swift in Sources */,
				OBJ_76 /* CompletionKind.swift in Sources */,
				OBJ_77 /* Errors.swift in Sources */,
				OBJ_78 /* Flag.swift in Sources */,
				OBJ_79 /* NameSpecification.swift in Sources */,
				OBJ_80 /* Option.swift in Sources */,
				OBJ_81 /* OptionGroup.swift in Sources */,
				OBJ_82 /* CommandConfiguration.swift in Sources */,
				OBJ_83 /* EnumerableFlag.swift in Sources */,
				OBJ_84 /* ExpressibleByArgument.swift in Sources */,
				OBJ_85 /* ParsableArguments.swift in Sources */,
				OBJ_86 /* ParsableArgumentsValidation.swift in Sources */,
				OBJ_87 /* ParsableCommand.swift in Sources */,
				OBJ_88 /* ArgumentDecoder.swift in Sources */,
				OBJ_89 /* ArgumentDefinition.swift in Sources */,
				OBJ_90 /* ArgumentSet.swift in Sources */,
				OBJ_91 /* CommandParser.swift in Sources */,
				OBJ_92 /* InputOrigin.swift in Sources */,
				OBJ_93 /* Name.swift in Sources */,
				OBJ_94 /* Parsed.swift in Sources */,
				OBJ_95 /* ParsedValues.swift in Sources */,
				OBJ_96 /* ParserError.swift in Sources */,
				OBJ_97 /* SplitArguments.swift in Sources */,
				OBJ_98 /* HelpCommand.swift in Sources */,
				OBJ_99 /* HelpGenerator.swift in Sources */,
				OBJ_100 /* MessageInfo.swift in Sources */,
				OBJ_101 /* UsageGenerator.swift in Sources */,
				OBJ_102 /* SequenceExtensions.swift in Sources */,
				OBJ_103 /* StringExtensions.swift in Sources */,
				OBJ_104 /* Tree.swift in Sources */,
			);
			runOnlyForDeploymentPostprocessing = 0;
		};
/* End PBXSourcesBuildPhase section */

/* Begin PBXTargetDependency section */
		OBJ_115 /* PBXTargetDependency */ = {
			isa = PBXTargetDependency;
			target = "swift-argument-parser::ArgumentParser" /* ArgumentParser */;
			targetProxy = 146CC39425F2E85400BD5F2D /* PBXContainerItemProxy */;
		};
		OBJ_126 /* PBXTargetDependency */ = {
			isa = PBXTargetDependency;
			target = "Pizzabot::PizzabotTests" /* PizzabotTests */;
			targetProxy = 146CC39A25F2E85500BD5F2D /* PBXContainerItemProxy */;
		};
		OBJ_136 /* PBXTargetDependency */ = {
			isa = PBXTargetDependency;
			target = "Pizzabot::Pizzabot" /* Pizzabot */;
			targetProxy = 146CC39525F2E85400BD5F2D /* PBXContainerItemProxy */;
		};
		OBJ_137 /* PBXTargetDependency */ = {
			isa = PBXTargetDependency;
			target = "swift-argument-parser::ArgumentParser" /* ArgumentParser */;
			targetProxy = 146CC39625F2E85400BD5F2D /* PBXContainerItemProxy */;
		};
		OBJ_142 /* PBXTargetDependency */ = {
			isa = PBXTargetDependency;
			target = "Pizzabot::Pizzabot" /* Pizzabot */;
			targetProxy = 146CC39D25F2E85500BD5F2D /* PBXContainerItemProxy */;
		};
/* End PBXTargetDependency section */

/* Begin XCBuildConfiguration section */
		OBJ_108 /* Debug */ = {
			isa = XCBuildConfiguration;
			buildSettings = {
				FRAMEWORK_SEARCH_PATHS = (
					"$(inherited)",
					"$(PLATFORM_DIR)/Developer/Library/Frameworks",
				);
				HEADER_SEARCH_PATHS = "$(inherited)";
				INFOPLIST_FILE = Pizzabot.xcodeproj/Pizzabot_Info.plist;
				IPHONEOS_DEPLOYMENT_TARGET = 9.0;
				LD_RUNPATH_SEARCH_PATHS = "$(inherited) $(TOOLCHAIN_DIR)/usr/lib/swift/macosx @executable_path";
				MACOSX_DEPLOYMENT_TARGET = 10.10;
				OTHER_CFLAGS = "$(inherited)";
				OTHER_LDFLAGS = "$(inherited)";
				OTHER_SWIFT_FLAGS = "$(inherited)";
				SWIFT_ACTIVE_COMPILATION_CONDITIONS = "$(inherited)";
				SWIFT_FORCE_DYNAMIC_LINK_STDLIB = YES;
				SWIFT_FORCE_STATIC_LINK_STDLIB = NO;
				SWIFT_VERSION = 5.0;
				TARGET_NAME = Pizzabot;
				TVOS_DEPLOYMENT_TARGET = 9.0;
				WATCHOS_DEPLOYMENT_TARGET = 2.0;
			};
			name = Debug;
		};
		OBJ_109 /* Release */ = {
			isa = XCBuildConfiguration;
			buildSettings = {
				FRAMEWORK_SEARCH_PATHS = (
					"$(inherited)",
					"$(PLATFORM_DIR)/Developer/Library/Frameworks",
				);
				HEADER_SEARCH_PATHS = "$(inherited)";
				INFOPLIST_FILE = Pizzabot.xcodeproj/Pizzabot_Info.plist;
				IPHONEOS_DEPLOYMENT_TARGET = 9.0;
				LD_RUNPATH_SEARCH_PATHS = "$(inherited) $(TOOLCHAIN_DIR)/usr/lib/swift/macosx @executable_path";
				MACOSX_DEPLOYMENT_TARGET = 10.10;
				OTHER_CFLAGS = "$(inherited)";
				OTHER_LDFLAGS = "$(inherited)";
				OTHER_SWIFT_FLAGS = "$(inherited)";
				SWIFT_ACTIVE_COMPILATION_CONDITIONS = "$(inherited)";
				SWIFT_FORCE_DYNAMIC_LINK_STDLIB = YES;
				SWIFT_FORCE_STATIC_LINK_STDLIB = NO;
				SWIFT_VERSION = 5.0;
				TARGET_NAME = Pizzabot;
				TVOS_DEPLOYMENT_TARGET = 9.0;
				WATCHOS_DEPLOYMENT_TARGET = 2.0;
			};
			name = Release;
		};
		OBJ_118 /* Debug */ = {
			isa = XCBuildConfiguration;
			buildSettings = {
				LD = /usr/bin/true;
				OTHER_SWIFT_FLAGS = "-swift-version 5 -I $(TOOLCHAIN_DIR)/usr/lib/swift/pm/4_2 -sdk /Applications/Xcode.app/Contents/Developer/Platforms/MacOSX.platform/Developer/SDKs/MacOSX11.1.sdk -package-description-version 5.3.0";
				SWIFT_VERSION = 5.0;
			};
			name = Debug;
		};
		OBJ_119 /* Release */ = {
			isa = XCBuildConfiguration;
			buildSettings = {
				LD = /usr/bin/true;
				OTHER_SWIFT_FLAGS = "-swift-version 5 -I $(TOOLCHAIN_DIR)/usr/lib/swift/pm/4_2 -sdk /Applications/Xcode.app/Contents/Developer/Platforms/MacOSX.platform/Developer/SDKs/MacOSX11.1.sdk -package-description-version 5.3.0";
				SWIFT_VERSION = 5.0;
			};
			name = Release;
		};
		OBJ_124 /* Debug */ = {
			isa = XCBuildConfiguration;
			buildSettings = {
			};
			name = Debug;
		};
		OBJ_125 /* Release */ = {
			isa = XCBuildConfiguration;
			buildSettings = {
			};
			name = Release;
		};
		OBJ_129 /* Debug */ = {
			isa = XCBuildConfiguration;
			buildSettings = {
				CLANG_ENABLE_MODULES = YES;
				EMBEDDED_CONTENT_CONTAINS_SWIFT = YES;
				FRAMEWORK_SEARCH_PATHS = (
					"$(inherited)",
					"$(PLATFORM_DIR)/Developer/Library/Frameworks",
				);
				HEADER_SEARCH_PATHS = "$(inherited)";
				INFOPLIST_FILE = Pizzabot.xcodeproj/PizzabotTests_Info.plist;
				IPHONEOS_DEPLOYMENT_TARGET = 14.0;
				LD_RUNPATH_SEARCH_PATHS = "$(inherited) @loader_path/../Frameworks @loader_path/Frameworks";
				MACOSX_DEPLOYMENT_TARGET = 10.15;
				OTHER_CFLAGS = "$(inherited)";
				OTHER_LDFLAGS = "$(inherited)";
				OTHER_SWIFT_FLAGS = "$(inherited)";
				SWIFT_ACTIVE_COMPILATION_CONDITIONS = "$(inherited)";
				SWIFT_VERSION = 5.0;
				TARGET_NAME = PizzabotTests;
				TVOS_DEPLOYMENT_TARGET = 9.0;
				WATCHOS_DEPLOYMENT_TARGET = 2.0;
			};
			name = Debug;
		};
		OBJ_130 /* Release */ = {
			isa = XCBuildConfiguration;
			buildSettings = {
				CLANG_ENABLE_MODULES = YES;
				EMBEDDED_CONTENT_CONTAINS_SWIFT = YES;
				FRAMEWORK_SEARCH_PATHS = (
					"$(inherited)",
					"$(PLATFORM_DIR)/Developer/Library/Frameworks",
				);
				HEADER_SEARCH_PATHS = "$(inherited)";
				INFOPLIST_FILE = Pizzabot.xcodeproj/PizzabotTests_Info.plist;
				IPHONEOS_DEPLOYMENT_TARGET = 14.0;
				LD_RUNPATH_SEARCH_PATHS = "$(inherited) @loader_path/../Frameworks @loader_path/Frameworks";
				MACOSX_DEPLOYMENT_TARGET = 10.15;
				OTHER_CFLAGS = "$(inherited)";
				OTHER_LDFLAGS = "$(inherited)";
				OTHER_SWIFT_FLAGS = "$(inherited)";
				SWIFT_ACTIVE_COMPILATION_CONDITIONS = "$(inherited)";
				SWIFT_VERSION = 5.0;
				TARGET_NAME = PizzabotTests;
				TVOS_DEPLOYMENT_TARGET = 9.0;
				WATCHOS_DEPLOYMENT_TARGET = 2.0;
			};
			name = Release;
		};
		OBJ_140 /* Debug */ = {
			isa = XCBuildConfiguration;
			buildSettings = {
			};
			name = Debug;
		};
		OBJ_141 /* Release */ = {
			isa = XCBuildConfiguration;
			buildSettings = {
			};
			name = Release;
		};
		OBJ_145 /* Debug */ = {
			isa = XCBuildConfiguration;
			buildSettings = {
				LD = /usr/bin/true;
				OTHER_SWIFT_FLAGS = "-swift-version 5 -I $(TOOLCHAIN_DIR)/usr/lib/swift/pm/4_2 -sdk /Applications/Xcode.app/Contents/Developer/Platforms/MacOSX.platform/Developer/SDKs/MacOSX11.1.sdk -package-description-version 5.2.0";
				SWIFT_VERSION = 5.0;
			};
			name = Debug;
		};
		OBJ_146 /* Release */ = {
			isa = XCBuildConfiguration;
			buildSettings = {
				LD = /usr/bin/true;
				OTHER_SWIFT_FLAGS = "-swift-version 5 -I $(TOOLCHAIN_DIR)/usr/lib/swift/pm/4_2 -sdk /Applications/Xcode.app/Contents/Developer/Platforms/MacOSX.platform/Developer/SDKs/MacOSX11.1.sdk -package-description-version 5.2.0";
				SWIFT_VERSION = 5.0;
			};
			name = Release;
		};
		OBJ_3 /* Debug */ = {
			isa = XCBuildConfiguration;
			buildSettings = {
				CLANG_ENABLE_OBJC_ARC = YES;
				COMBINE_HIDPI_IMAGES = YES;
				COPY_PHASE_STRIP = NO;
				DEBUG_INFORMATION_FORMAT = dwarf;
				DYLIB_INSTALL_NAME_BASE = "@rpath";
				ENABLE_NS_ASSERTIONS = YES;
				GCC_OPTIMIZATION_LEVEL = 0;
				GCC_PREPROCESSOR_DEFINITIONS = (
					"$(inherited)",
					"SWIFT_PACKAGE=1",
					"DEBUG=1",
				);
				MACOSX_DEPLOYMENT_TARGET = 10.10;
				ONLY_ACTIVE_ARCH = YES;
				OTHER_SWIFT_FLAGS = "$(inherited) -DXcode";
				PRODUCT_NAME = "$(TARGET_NAME)";
				SDKROOT = macosx;
				SUPPORTED_PLATFORMS = "macosx iphoneos iphonesimulator appletvos appletvsimulator watchos watchsimulator";
				SWIFT_ACTIVE_COMPILATION_CONDITIONS = "$(inherited) SWIFT_PACKAGE DEBUG";
				SWIFT_OPTIMIZATION_LEVEL = "-Onone";
				USE_HEADERMAP = NO;
			};
			name = Debug;
		};
		OBJ_4 /* Release */ = {
			isa = XCBuildConfiguration;
			buildSettings = {
				CLANG_ENABLE_OBJC_ARC = YES;
				COMBINE_HIDPI_IMAGES = YES;
				COPY_PHASE_STRIP = YES;
				DEBUG_INFORMATION_FORMAT = "dwarf-with-dsym";
				DYLIB_INSTALL_NAME_BASE = "@rpath";
				GCC_OPTIMIZATION_LEVEL = s;
				GCC_PREPROCESSOR_DEFINITIONS = (
					"$(inherited)",
					"SWIFT_PACKAGE=1",
				);
				MACOSX_DEPLOYMENT_TARGET = 10.10;
				OTHER_SWIFT_FLAGS = "$(inherited) -DXcode";
				PRODUCT_NAME = "$(TARGET_NAME)";
				SDKROOT = macosx;
				SUPPORTED_PLATFORMS = "macosx iphoneos iphonesimulator appletvos appletvsimulator watchos watchsimulator";
				SWIFT_ACTIVE_COMPILATION_CONDITIONS = "$(inherited) SWIFT_PACKAGE";
				SWIFT_OPTIMIZATION_LEVEL = "-Owholemodule";
				USE_HEADERMAP = NO;
			};
			name = Release;
		};
		OBJ_67 /* Debug */ = {
			isa = XCBuildConfiguration;
			buildSettings = {
				ENABLE_TESTABILITY = YES;
				FRAMEWORK_SEARCH_PATHS = (
					"$(inherited)",
					"$(PLATFORM_DIR)/Developer/Library/Frameworks",
				);
				HEADER_SEARCH_PATHS = "$(inherited)";
				INFOPLIST_FILE = Pizzabot.xcodeproj/ArgumentParser_Info.plist;
				IPHONEOS_DEPLOYMENT_TARGET = 9.0;
				LD_RUNPATH_SEARCH_PATHS = "$(inherited) $(TOOLCHAIN_DIR)/usr/lib/swift/macosx";
				MACOSX_DEPLOYMENT_TARGET = 10.10;
				OTHER_CFLAGS = "$(inherited)";
				OTHER_LDFLAGS = "$(inherited)";
				OTHER_SWIFT_FLAGS = "$(inherited)";
				PRODUCT_BUNDLE_IDENTIFIER = ArgumentParser;
				PRODUCT_MODULE_NAME = "$(TARGET_NAME:c99extidentifier)";
				PRODUCT_NAME = "$(TARGET_NAME:c99extidentifier)";
				SKIP_INSTALL = YES;
				SWIFT_ACTIVE_COMPILATION_CONDITIONS = "$(inherited)";
				SWIFT_VERSION = 5.0;
				TARGET_NAME = ArgumentParser;
				TVOS_DEPLOYMENT_TARGET = 9.0;
				WATCHOS_DEPLOYMENT_TARGET = 2.0;
			};
			name = Debug;
		};
		OBJ_68 /* Release */ = {
			isa = XCBuildConfiguration;
			buildSettings = {
				ENABLE_TESTABILITY = YES;
				FRAMEWORK_SEARCH_PATHS = (
					"$(inherited)",
					"$(PLATFORM_DIR)/Developer/Library/Frameworks",
				);
				HEADER_SEARCH_PATHS = "$(inherited)";
				INFOPLIST_FILE = Pizzabot.xcodeproj/ArgumentParser_Info.plist;
				IPHONEOS_DEPLOYMENT_TARGET = 9.0;
				LD_RUNPATH_SEARCH_PATHS = "$(inherited) $(TOOLCHAIN_DIR)/usr/lib/swift/macosx";
				MACOSX_DEPLOYMENT_TARGET = 10.10;
				OTHER_CFLAGS = "$(inherited)";
				OTHER_LDFLAGS = "$(inherited)";
				OTHER_SWIFT_FLAGS = "$(inherited)";
				PRODUCT_BUNDLE_IDENTIFIER = ArgumentParser;
				PRODUCT_MODULE_NAME = "$(TARGET_NAME:c99extidentifier)";
				PRODUCT_NAME = "$(TARGET_NAME:c99extidentifier)";
				SKIP_INSTALL = YES;
				SWIFT_ACTIVE_COMPILATION_CONDITIONS = "$(inherited)";
				SWIFT_VERSION = 5.0;
				TARGET_NAME = ArgumentParser;
				TVOS_DEPLOYMENT_TARGET = 9.0;
				WATCHOS_DEPLOYMENT_TARGET = 2.0;
			};
			name = Release;
		};
/* End XCBuildConfiguration section */

/* Begin XCConfigurationList section */
		OBJ_107 /* Build configuration list for PBXNativeTarget "Pizzabot" */ = {
			isa = XCConfigurationList;
			buildConfigurations = (
				OBJ_108 /* Debug */,
				OBJ_109 /* Release */,
			);
			defaultConfigurationIsVisible = 0;
			defaultConfigurationName = Release;
		};
		OBJ_117 /* Build configuration list for PBXNativeTarget "PizzabotPackageDescription" */ = {
			isa = XCConfigurationList;
			buildConfigurations = (
				OBJ_118 /* Debug */,
				OBJ_119 /* Release */,
			);
			defaultConfigurationIsVisible = 0;
			defaultConfigurationName = Release;
		};
		OBJ_123 /* Build configuration list for PBXAggregateTarget "PizzabotPackageTests" */ = {
			isa = XCConfigurationList;
			buildConfigurations = (
				OBJ_124 /* Debug */,
				OBJ_125 /* Release */,
			);
			defaultConfigurationIsVisible = 0;
			defaultConfigurationName = Release;
		};
		OBJ_128 /* Build configuration list for PBXNativeTarget "PizzabotTests" */ = {
			isa = XCConfigurationList;
			buildConfigurations = (
				OBJ_129 /* Debug */,
				OBJ_130 /* Release */,
			);
			defaultConfigurationIsVisible = 0;
			defaultConfigurationName = Release;
		};
		OBJ_139 /* Build configuration list for PBXAggregateTarget "pizzabot" */ = {
			isa = XCConfigurationList;
			buildConfigurations = (
				OBJ_140 /* Debug */,
				OBJ_141 /* Release */,
			);
			defaultConfigurationIsVisible = 0;
			defaultConfigurationName = Release;
		};
		OBJ_144 /* Build configuration list for PBXNativeTarget "swift-argument-parserPackageDescription" */ = {
			isa = XCConfigurationList;
			buildConfigurations = (
				OBJ_145 /* Debug */,
				OBJ_146 /* Release */,
			);
			defaultConfigurationIsVisible = 0;
			defaultConfigurationName = Release;
		};
		OBJ_2 /* Build configuration list for PBXProject "Pizzabot" */ = {
			isa = XCConfigurationList;
			buildConfigurations = (
				OBJ_3 /* Debug */,
				OBJ_4 /* Release */,
			);
			defaultConfigurationIsVisible = 0;
			defaultConfigurationName = Release;
		};
		OBJ_66 /* Build configuration list for PBXNativeTarget "ArgumentParser" */ = {
			isa = XCConfigurationList;
			buildConfigurations = (
				OBJ_67 /* Debug */,
				OBJ_68 /* Release */,
			);
			defaultConfigurationIsVisible = 0;
			defaultConfigurationName = Release;
		};
/* End XCConfigurationList section */
	};
	rootObject = OBJ_1 /* Project object */;
}
